
Microsoft Visual Studio Solution File, Format Version 12.00
# Visual Studio Version 17
VisualStudioVersion = 17.9.34714.143
MinimumVisualStudioVersion = 10.0.40219.1
Project("{9A19103F-16F7-4668-BE54-9A1E7A4F7556}") = "OcrProject", "OcrProject.csproj", "{59ABE66A-3F63-4685-8EA2-446A63EF186E}"
EndProject
Global
	GlobalSection(SolutionConfigurationPlatforms) = preSolution
		Debug|Any CPU = Debug|Any CPU
		Release|Any CPU = Release|Any CPU
	EndGlobalSection
	GlobalSection(ProjectConfigurationPlatforms) = postSolution
		{59ABE66A-3F63-4685-8EA2-446A63EF186E}.Debug|Any CPU.ActiveCfg = Debug|Any CPU
		{59ABE66A-3F63-4685-8EA2-446A63EF186E}.Debug|Any CPU.Build.0 = Debug|Any CPU
		{59ABE66A-3F63-4685-8EA2-446A63EF186E}.Release|Any CPU.ActiveCfg = Release|Any CPU
		{59ABE66A-3F63-4685-8EA2-446A63EF186E}.Release|Any CPU.Build.0 = Release|Any CPU
	EndGlobalSection
	GlobalSection(SolutionProperties) = preSolution
		HideSolutionNode = FALSE
	EndGlobalSection
	GlobalSection(ExtensibilityGlobals) = postSolution
		SolutionGuid = {172F4C45-4640-4232-9050-A033A4B43337}
	EndGlobalSection
EndGlobal
